
Microsoft Visual Studio Solution File, Format Version 12.00
# Visual Studio Version 16
VisualStudioVersion = 16.0.31702.278
MinimumVisualStudioVersion = 10.0.40219.1
Project("{FAE04EC0-301F-11D3-BF4B-00C04F79EFBC}") = "FacialAI", "FacialAI\FacialAI.csproj", "{682EAED6-77A5-4C01-BD10-23414E8EB672}"
EndProject
Global
	GlobalSection(SolutionConfigurationPlatforms) = preSolution
		Debug|Any CPU = Debug|Any CPU
		Release|Any CPU = Release|Any CPU
	EndGlobalSection
	GlobalSection(ProjectConfigurationPlatforms) = postSolution
		{682EAED6-77A5-4C01-BD10-23414E8EB672}.Debug|Any CPU.ActiveCfg = Debug|Any CPU
		{682EAED6-77A5-4C01-BD10-23414E8EB672}.Debug|Any CPU.Build.0 = Debug|Any CPU
		{682EAED6-77A5-4C01-BD10-23414E8EB672}.Release|Any CPU.ActiveCfg = Release|Any CPU
		{682EAED6-77A5-4C01-BD10-23414E8EB672}.Release|Any CPU.Build.0 = Release|Any CPU
	EndGlobalSection
	GlobalSection(SolutionProperties) = preSolution
		HideSolutionNode = FALSE
	EndGlobalSection
	GlobalSection(ExtensibilityGlobals) = postSolution
		SolutionGuid = {63947995-BE48-4218-8DC6-3386A7E2F73C}
	EndGlobalSection
EndGlobal
